
Microsoft Visual Studio Solution File, Format Version 12.00
# Visual Studio 2013
VisualStudioVersion = 12.0.21005.1
MinimumVisualStudioVersion = 10.0.40219.1
Project("{8BC9CEB8-8B4A-11D0-8D11-00A0C91BC942}") = "TestingGround", "Intermediate\ProjectFiles\TestingGround.vcxproj", "{52AAF012-0D16-49F9-B343-B62276E6BBCC}"
EndProject
Global
	GlobalSection(SolutionConfigurationPlatforms) = preSolution
		DebugGame Editor|Windows = DebugGame Editor|Windows
		DebugGame|Windows = DebugGame|Windows
		Development Editor|Windows = Development Editor|Windows
		Development|Windows = Development|Windows
		Shipping|Windows = Shipping|Windows
	EndGlobalSection
	GlobalSection(ProjectConfigurationPlatforms) = postSolution
		{52AAF012-0D16-49F9-B343-B62276E6BBCC}.DebugGame Editor|Windows.ActiveCfg = DebugGame_Editor|x64
		{52AAF012-0D16-49F9-B343-B62276E6BBCC}.DebugGame Editor|Windows.Build.0 = DebugGame_Editor|x64
		{52AAF012-0D16-49F9-B343-B62276E6BBCC}.DebugGame|Windows.ActiveCfg = DebugGame_Game|Win32
		{52AAF012-0D16-49F9-B343-B62276E6BBCC}.Development Editor|Windows.ActiveCfg = Development_Editor|x64
		{52AAF012-0D16-49F9-B343-B62276E6BBCC}.Development Editor|Windows.Build.0 = Development_Editor|x64
		{52AAF012-0D16-49F9-B343-B62276E6BBCC}.Development|Windows.ActiveCfg = Development_Editor|Win32
		{52AAF012-0D16-49F9-B343-B62276E6BBCC}.Shipping|Windows.ActiveCfg = Shipping_Game|Win32
	EndGlobalSection
	GlobalSection(SolutionProperties) = preSolution
		HideSolutionNode = FALSE
	EndGlobalSection
EndGlobal
